PODS:
  - AYSwift (0.0.1)
  - FBSnapshotTestCase (2.0.4):
    - FBSnapshotTestCase/SwiftSupport (= 2.0.4)
  - FBSnapshotTestCase/Core (2.0.4)
  - FBSnapshotTestCase/SwiftSupport (2.0.4):
    - FBSnapshotTestCase/Core
  - Nimble (0.4.2)
  - Quick (0.3.1)

DEPENDENCIES:
  - AYSwift (from `../`)
  - FBSnapshotTestCase (= 2.0.4)
  - Nimble
  - Quick (~> 0.3.1)

EXTERNAL SOURCES:
  AYSwift:
    :path: ../

SPEC CHECKSUMS:
  AYSwift: 7a52e297a3e7ffb2385b8efb96b09b2d29c3b03b
  FBSnapshotTestCase: d94cf34841c9e77390e29009e8e2713479d48753
  Nimble: 49b7a7da8919f42823d37c6d68cc6d15a7009f32
  Quick: 824572d3d198d51e52cf4aa722cebf7e59952a35

COCOAPODS: 0.39.0.beta.4
